// !$*UTF8*$!
{
	archiveVersion = 1;
	classes = {
	};
	objectVersion = 46;
	objects = {

/* Begin PBXBuildFile section */
		AD22EF521D9240CF00550612 /* AppDelegate.swift in Sources */ = {isa = PBXBuildFile; fileRef = AD22EF511D9240CF00550612 /* AppDelegate.swift */; };
		AD22EF541D9240CF00550612 /* ViewController.swift in Sources */ = {isa = PBXBuildFile; fileRef = AD22EF531D9240CF00550612 /* ViewController.swift */; };
		AD22EF571D9240CF00550612 /* Main.storyboard in Resources */ = {isa = PBXBuildFile; fileRef = AD22EF551D9240CF00550612 /* Main.storyboard */; };
		AD22EF591D9240CF00550612 /* Assets.xcassets in Resources */ = {isa = PBXBuildFile; fileRef = AD22EF581D9240CF00550612 /* Assets.xcassets */; };
		AD22EF5C1D9240CF00550612 /* LaunchScreen.storyboard in Resources */ = {isa = PBXBuildFile; fileRef = AD22EF5A1D9240CF00550612 /* LaunchScreen.storyboard */; };
/* End PBXBuildFile section */

/* Begin PBXFileReference section */
		AD22EF4E1D9240CF00550612 /* inksell.app */ = {isa = PBXFileReference; explicitFileType = wrapper.application; includeInIndex = 0; path = inksell.app; sourceTree = BUILT_PRODUCTS_DIR; };
		AD22EF511D9240CF00550612 /* AppDelegate.swift */ = {isa = PBXFileReference; lastKnownFileType = sourcecode.swift; path = AppDelegate.swift; sourceTree = "<group>"; };
		AD22EF531D9240CF00550612 /* ViewController.swift */ = {isa = PBXFileReference; lastKnownFileType = sourcecode.swift; path = ViewController.swift; sourceTree = "<group>"; };
		AD22EF561D9240CF00550612 /* Base */ = {isa = PBXFileReference; lastKnownFileType = file.storyboard; name = Base; path = Base.lproj/Main.storyboard; sourceTree = "<group>"; };
		AD22EF581D9240CF00550612 /* Assets.xcassets */ = {isa = PBXFileReference; lastKnownFileType = folder.assetcatalog; path = Assets.xcassets; sourceTree = "<group>"; };
		AD22EF5B1D9240CF00550612 /* Base */ = {isa = PBXFileReference; lastKnownFileType = file.storyboard; name = Base; path = Base.lproj/LaunchScreen.storyboard; sourceTree = "<group>"; };
		AD22EF5D1D9240CF00550612 /* Info.plist */ = {isa = PBXFileReference; lastKnownFileType = text.plist.xml; path = Info.plist; sourceTree = "<group>"; };
/* End PBXFileReference section */

/* Begin PBXFrameworksBuildPhase section */
		AD22EF4B1D9240CF00550612 /* Frameworks */ = {
			isa = PBXFrameworksBuildPhase;
			buildActionMask = 2147483647;
			files = (
			);
			runOnlyForDeploymentPostprocessing = 0;
		};
/* End PBXFrameworksBuildPhase section */

/* Begin PBXGroup section */
		AD22EF451D9240CF00550612 = {
			isa = PBXGroup;
			children = (
				AD22EF501D9240CF00550612 /* inksell */,
				AD22EF4F1D9240CF00550612 /* Products */,
			);
			sourceTree = "<group>";
		};
		AD22EF4F1D9240CF00550612 /* Products */ = {
			isa = PBXGroup;
			children = (
				AD22EF4E1D9240CF00550612 /* inksell.app */,
			);
			name = Products;
			sourceTree = "<group>";
		};
		AD22EF501D9240CF00550612 /* inksell */ = {
			isa = PBXGroup;
			children = (
				AD22EF511D9240CF00550612 /* AppDelegate.swift */,
				AD22EF531D9240CF00550612 /* ViewController.swift */,
				AD22EF551D9240CF00550612 /* Main.storyboard */,
				AD22EF581D9240CF00550612 /* Assets.xcassets */,
				AD22EF5A1D9240CF00550612 /* LaunchScreen.storyboard */,
				AD22EF5D1D9240CF00550612 /* Info.plist */,
			);
			path = inksell;
			sourceTree = "<group>";
		};
/* End PBXGroup section */

/* Begin PBXNativeTarget section */
		AD22EF4D1D9240CF00550612 /* inksell */ = {
			isa = PBXNativeTarget;
			buildConfigurationList = AD22EF601D9240CF00550612 /* Build configuration list for PBXNativeTarget "inksell" */;
			buildPhases = (
				AD22EF4A1D9240CF00550612 /* Sources */,
				AD22EF4B1D9240CF00550612 /* Frameworks */,
				AD22EF4C1D9240CF00550612 /* Resources */,
			);
			buildRules = (
			);
			dependencies = (
			);
			name = inksell;
			productName = inksell;
			productReference = AD22EF4E1D9240CF00550612 /* inksell.app */;
			productType = "com.apple.product-type.application";
		};
/* End PBXNativeTarget section */

/* Begin PBXProject section */
		AD22EF461D9240CF00550612 /* Project object */ = {
			isa = PBXProject;
			attributes = {
				LastSwiftUpdateCheck = 0800;
				LastUpgradeCheck = 0800;
				ORGANIZATIONNAME = inksell;
				TargetAttributes = {
					AD22EF4D1D9240CF00550612 = {
						CreatedOnToolsVersion = 8.0;
						DevelopmentTeam = GBJY6T82UL;
						ProvisioningStyle = Automatic;
					};
				};
			};
			buildConfigurationList = AD22EF491D9240CF00550612 /* Build configuration list for PBXProject "inksell" */;
			compatibilityVersion = "Xcode 3.2";
			developmentRegion = English;
			hasScannedForEncodings = 0;
			knownRegions = (
				en,
				Base,
			);
			mainGroup = AD22EF451D9240CF00550612;
			productRefGroup = AD22EF4F1D9240CF00550612 /* Products */;
			projectDirPath = "";
			projectRoot = "";
			targets = (
				AD22EF4D1D9240CF00550612 /* inksell */,
			);
		};
/* End PBXProject section */

/* Begin PBXResourcesBuildPhase section */
		AD22EF4C1D9240CF00550612 /* Resources */ = {
			isa = PBXResourcesBuildPhase;
			buildActionMask = 2147483647;
			files = (
				AD22EF5C1D9240CF00550612 /* LaunchScreen.storyboard in Resources */,
				AD22EF591D9240CF00550612 /* Assets.xcassets in Resources */,
				AD22EF571D9240CF00550612 /* Main.storyboard in Resources */,
			);
			runOnlyForDeploymentPostprocessing = 0;
		};
/* End PBXResourcesBuildPhase section */

/* Begin PBXSourcesBuildPhase section */
		AD22EF4A1D9240CF00550612 /* Sources */ = {
			isa = PBXSourcesBuildPhase;
			buildActionMask = 2147483647;
			files = (
				AD22EF541D9240CF00550612 /* ViewController.swift in Sources */,
				AD22EF521D9240CF00550612 /* AppDelegate.swift in Sources */,
			);
			runOnlyForDeploymentPostprocessing = 0;
		};
/* End PBXSourcesBuildPhase section */

/* Begin PBXVariantGroup section */
		AD22EF551D9240CF00550612 /* Main.storyboard */ = {
			isa = PBXVariantGroup;
			children = (
				AD22EF561D9240CF00550612 /* Base */,
			);
			name = Main.storyboard;
			sourceTree = "<group>";
		};
		AD22EF5A1D9240CF00550612 /* LaunchScreen.storyboard */ = {
			isa = PBXVariantGroup;
			children = (
				AD22EF5B1D9240CF00550612 /* Base */,
			);
			name = LaunchScreen.storyboard;
			sourceTree = "<group>";
		};
/* End PBXVariantGroup section */

/* Begin XCBuildConfiguration section */
		AD22EF5E1D9240CF00550612 /* Debug */ = {
			isa = XCBuildConfiguration;
			buildSettings = {
				ALWAYS_SEARCH_USER_PATHS = NO;
				CLANG_ANALYZER_NONNULL = YES;
				CLANG_CXX_LANGUAGE_STANDARD = "gnu++0x";
				CLANG_CXX_LIBRARY = "libc++";
				CLANG_ENABLE_MODULES = YES;
				CLANG_ENABLE_OBJC_ARC = YES;
				CLANG_WARN_BOOL_CONVERSION = YES;
				CLANG_WARN_CONSTANT_CONVERSION = YES;
				CLANG_WARN_DIRECT_OBJC_ISA_USAGE = YES_ERROR;
				CLANG_WARN_DOCUMENTATION_COMMENTS = YES;
				CLANG_WARN_EMPTY_BODY = YES;
				CLANG_WARN_ENUM_CONVERSION = YES;
				CLANG_WARN_INFINITE_RECURSION = YES;
				CLANG_WARN_INT_CONVERSION = YES;
				CLANG_WARN_OBJC_ROOT_CLASS = YES_ERROR;
				CLANG_WARN_SUSPICIOUS_MOVES = YES;
				CLANG_WARN_UNREACHABLE_CODE = YES;
				CLANG_WARN__DUPLICATE_METHOD_MATCH = YES;
				"CODE_SIGN_IDENTITY[sdk=iphoneos*]" = "iPhone Developer";
				COPY_PHASE_STRIP = NO;
				DEBUG_INFORMATION_FORMAT = dwarf;
				ENABLE_STRICT_OBJC_MSGSEND = YES;
				ENABLE_TESTABILITY = YES;
				GCC_C_LANGUAGE_STANDARD = gnu99;
				GCC_DYNAMIC_NO_PIC = NO;
				GCC_NO_COMMON_BLOCKS = YES;
				GCC_OPTIMIZATION_LEVEL = 0;
				GCC_PREPROCESSOR_DEFINITIONS = (
					"DEBUG=1",
					"$(inherited)",
				);
				GCC_WARN_64_TO_32_BIT_CONVERSION = YES;
				GCC_WARN_ABOUT_RETURN_TYPE = YES_ERROR;
				GCC_WARN_UNDECLARED_SELECTOR = YES;
				GCC_WARN_UNINITIALIZED_AUTOS = YES_AGGRESSIVE;
				GCC_WARN_UNUSED_FUNCTION = YES;
				GCC_WARN_UNUSED_VARIABLE = YES;
				IPHONEOS_DEPLOYMENT_TARGET = 10.0;
				MTL_ENABLE_DEBUG_INFO = YES;
				ONLY_ACTIVE_ARCH = YES;
				SDKROOT = iphoneos;
				SWIFT_ACTIVE_COMPILATION_CONDITIONS = DEBUG;
				SWIFT_OPTIMIZATION_LEVEL = "-Onone";
			};
			name = Debug;
		};
		AD22EF5F1D9240CF00550612 /* Release */ = {
			isa = XCBuildConfiguration;
			buildSettings = {
				ALWAYS_SEARCH_USER_PATHS = NO;
				CLANG_ANALYZER_NONNULL = YES;
				CLANG_CXX_LANGUAGE_STANDARD = "gnu++0x";
				CLANG_CXX_LIBRARY = "libc++";
				CLANG_ENABLE_MODULES = YES;
				CLANG_ENABLE_OBJC_ARC = YES;
				CLANG_WARN_BOOL_CONVERSION = YES;
				CLANG_WARN_CONSTANT_CONVERSION = YES;
				CLANG_WARN_DIRECT_OBJC_ISA_USAGE = YES_ERROR;
				CLANG_WARN_DOCUMENTATION_COMMENTS = YES;
				CLANG_WARN_EMPTY_BODY = YES;
				CLANG_WARN_ENUM_CONVERSION = YES;
				CLANG_WARN_INFINITE_RECURSION = YES;
				CLANG_WARN_INT_CONVERSION = YES;
				CLANG_WARN_OBJC_ROOT_CLASS = YES_ERROR;
				CLANG_WARN_SUSPICIOUS_MOVES = YES;
				CLANG_WARN_UNREACHABLE_CODE = YES;
				CLANG_WARN__DUPLICATE_METHOD_MATCH = YES;
				"CODE_SIGN_IDENTITY[sdk=iphoneos*]" = "iPhone Developer";
				COPY_PHASE_STRIP = NO;
				DEBUG_INFORMATION_FORMAT = "dwarf-with-dsym";
				ENABLE_NS_ASSERTIONS = NO;
				ENABLE_STRICT_OBJC_MSGSEND = YES;
				GCC_C_LANGUAGE_STANDARD = gnu99;
				GCC_NO_COMMON_BLOCKS = YES;
				GCC_WARN_64_TO_32_BIT_CONVERSION = YES;
				GCC_WARN_ABOUT_RETURN_TYPE = YES_ERROR;
				GCC_WARN_UNDECLARED_SELECTOR = YES;
				GCC_WARN_UNINITIALIZED_AUTOS = YES_AGGRESSIVE;
				GCC_WARN_UNUSED_FUNCTION = YES;
				GCC_WARN_UNUSED_VARIABLE = YES;
				IPHONEOS_DEPLOYMENT_TARGET = 10.0;
				MTL_ENABLE_DEBUG_INFO = NO;
				SDKROOT = iphoneos;
				SWIFT_OPTIMIZATION_LEVEL = "-Owholemodule";
				VALIDATE_PRODUCT = YES;
			};
			name = Release;
		};
		AD22EF611D9240CF00550612 /* Debug */ = {
			isa = XCBuildConfiguration;
			buildSettings = {
				ASSETCATALOG_COMPILER_APPICON_NAME = AppIcon;
				DEVELOPMENT_TEAM = GBJY6T82UL;
				INFOPLIST_FILE = inksell/Info.plist;
				LD_RUNPATH_SEARCH_PATHS = "$(inherited) @executable_path/Frameworks";
				PRODUCT_BUNDLE_IDENTIFIER = inksell.inksell;
				PRODUCT_NAME = "$(TARGET_NAME)";
				SWIFT_VERSION = 3.0;
			};
			name = Debug;
		};
		AD22EF621D9240CF00550612 /* Release */ = {
			isa = XCBuildConfiguration;
			buildSettings = {
				ASSETCATALOG_COMPILER_APPICON_NAME = AppIcon;
				DEVELOPMENT_TEAM = GBJY6T82UL;
				INFOPLIST_FILE = inksell/Info.plist;
				LD_RUNPATH_SEARCH_PATHS = "$(inherited) @executable_path/Frameworks";
				PRODUCT_BUNDLE_IDENTIFIER = inksell.inksell;
				PRODUCT_NAME = "$(TARGET_NAME)";
				SWIFT_VERSION = 3.0;
			};
			name = Release;
		};
/* End XCBuildConfiguration section */

/* Begin XCConfigurationList section */
		AD22EF491D9240CF00550612 /* Build configuration list for PBXProject "inksell" */ = {
			isa = XCConfigurationList;
			buildConfigurations = (
				AD22EF5E1D9240CF00550612 /* Debug */,
				AD22EF5F1D9240CF00550612 /* Release */,
			);
			defaultConfigurationIsVisible = 0;
			defaultConfigurationName = Release;
		};
		AD22EF601D9240CF00550612 /* Build configuration list for PBXNativeTarget "inksell" */ = {
			isa = XCConfigurationList;
			buildConfigurations = (
				AD22EF611D9240CF00550612 /* Debug */,
				AD22EF621D9240CF00550612 /* Release */,
			);
			defaultConfigurationIsVisible = 0;
		};
/* End XCConfigurationList section */
	};
	rootObject = AD22EF461D9240CF00550612 /* Project object */;
}
